
Microsoft Visual Studio Solution File, Format Version 12.00
# Visual Studio Version 17
VisualStudioVersion = 17.6.33712.159
MinimumVisualStudioVersion = 10.0.40219.1
Project("{FAE04EC0-301F-11D3-BF4B-00C04F79EFBC}") = "TestDI", "TestDI\TestDI.csproj", "{F4B18223-E474-407C-9C8E-28C407567F93}"
EndProject
Project("{FAE04EC0-301F-11D3-BF4B-00C04F79EFBC}") = "DI", "DI\DI.csproj", "{55B549F3-0790-4D3D-A03F-593166A8AD79}"
EndProject
Global
	GlobalSection(SolutionConfigurationPlatforms) = preSolution
		Debug|Any CPU = Debug|Any CPU
		Release|Any CPU = Release|Any CPU
	EndGlobalSection
	GlobalSection(ProjectConfigurationPlatforms) = postSolution
		{F4B18223-E474-407C-9C8E-28C407567F93}.Debug|Any CPU.ActiveCfg = Debug|Any CPU
		{F4B18223-E474-407C-9C8E-28C407567F93}.Debug|Any CPU.Build.0 = Debug|Any CPU
		{F4B18223-E474-407C-9C8E-28C407567F93}.Release|Any CPU.ActiveCfg = Release|Any CPU
		{F4B18223-E474-407C-9C8E-28C407567F93}.Release|Any CPU.Build.0 = Release|Any CPU
		{55B549F3-0790-4D3D-A03F-593166A8AD79}.Debug|Any CPU.ActiveCfg = Debug|Any CPU
		{55B549F3-0790-4D3D-A03F-593166A8AD79}.Debug|Any CPU.Build.0 = Debug|Any CPU
		{55B549F3-0790-4D3D-A03F-593166A8AD79}.Release|Any CPU.ActiveCfg = Release|Any CPU
		{55B549F3-0790-4D3D-A03F-593166A8AD79}.Release|Any CPU.Build.0 = Release|Any CPU
	EndGlobalSection
	GlobalSection(SolutionProperties) = preSolution
		HideSolutionNode = FALSE
	EndGlobalSection
	GlobalSection(ExtensibilityGlobals) = postSolution
		SolutionGuid = {18B1F7AF-935B-4948-91A3-DE3C02A246F6}
	EndGlobalSection
EndGlobal
